
Microsoft Visual Studio Solution File, Format Version 12.00
# Visual Studio Version 17
VisualStudioVersion = 17.1.32421.90
MinimumVisualStudioVersion = 10.0.40219.1
Project("{FAE04EC0-301F-11D3-BF4B-00C04F79EFBC}") = "WebAppForDeploy", "WebAppForDeploy\WebAppForDeploy.csproj", "{8CC008BC-4073-49D9-9E99-695D3CE78E2B}"
EndProject
Global
	GlobalSection(SolutionConfigurationPlatforms) = preSolution
		Debug|Any CPU = Debug|Any CPU
		Release|Any CPU = Release|Any CPU
	EndGlobalSection
	GlobalSection(ProjectConfigurationPlatforms) = postSolution
		{8CC008BC-4073-49D9-9E99-695D3CE78E2B}.Debug|Any CPU.ActiveCfg = Debug|Any CPU
		{8CC008BC-4073-49D9-9E99-695D3CE78E2B}.Debug|Any CPU.Build.0 = Debug|Any CPU
		{8CC008BC-4073-49D9-9E99-695D3CE78E2B}.Release|Any CPU.ActiveCfg = Release|Any CPU
		{8CC008BC-4073-49D9-9E99-695D3CE78E2B}.Release|Any CPU.Build.0 = Release|Any CPU
	EndGlobalSection
	GlobalSection(SolutionProperties) = preSolution
		HideSolutionNode = FALSE
	EndGlobalSection
	GlobalSection(ExtensibilityGlobals) = postSolution
		SolutionGuid = {B39D7AFF-0966-4862-9E85-AF8A767F28EF}
	EndGlobalSection
EndGlobal
